
Microsoft Visual Studio Solution File, Format Version 12.00
# Visual Studio Version 17
VisualStudioVersion = 17.7.34202.233
MinimumVisualStudioVersion = 10.0.40219.1
Project("{9A19103F-16F7-4668-BE54-9A1E7A4F7556}") = "TireHouse", "TireHouse\TireHouse.csproj", "{FC7F133F-5E8E-4F31-A784-8828C54E2464}"
	ProjectSection(ProjectDependencies) = postProject
		{886D63DC-56E6-4C9A-A651-DE2C769F2B16} = {886D63DC-56E6-4C9A-A651-DE2C769F2B16}
		{AA9719F4-7007-4A88-88AD-72A224EAA3DD} = {AA9719F4-7007-4A88-88AD-72A224EAA3DD}
		{CE6E5753-2DF7-4331-A5E8-65CA617B42F2} = {CE6E5753-2DF7-4331-A5E8-65CA617B42F2}
	EndProjectSection
EndProject
Project("{2150E333-8FDC-42A3-9474-1A3956D46DE8}") = "Aggregation", "Aggregation", "{C025DF0C-9148-4465-A9EE-B532C890E5F1}"
EndProject
Project("{2150E333-8FDC-42A3-9474-1A3956D46DE8}") = "Application", "Application", "{564DCAF9-177A-4A4B-A324-BD5ED231505D}"
EndProject
Project("{2150E333-8FDC-42A3-9474-1A3956D46DE8}") = "Infrastructure", "Infrastructure", "{19FF04BB-7F6E-4D54-8BE7-047E869808D4}"
EndProject
Project("{2150E333-8FDC-42A3-9474-1A3956D46DE8}") = "Test", "Test", "{E083C6F5-515A-479D-98D2-E76DA3EB0B7B}"
EndProject
Project("{9A19103F-16F7-4668-BE54-9A1E7A4F7556}") = "TireHouse.DTO", "TireHouse.DTO\TireHouse.DTO.csproj", "{AFFE8904-AEEF-46E0-B0D4-08FC0E1C00E5}"
EndProject
Project("{9A19103F-16F7-4668-BE54-9A1E7A4F7556}") = "TireHouse.Facade", "TireHouse.Facade\TireHouse.Facade.csproj", "{AA9719F4-7007-4A88-88AD-72A224EAA3DD}"
	ProjectSection(ProjectDependencies) = postProject
		{AFFE8904-AEEF-46E0-B0D4-08FC0E1C00E5} = {AFFE8904-AEEF-46E0-B0D4-08FC0E1C00E5}
	EndProjectSection
EndProject
Project("{9A19103F-16F7-4668-BE54-9A1E7A4F7556}") = "TireHouse.Service", "TireHouse.Service\TireHouse.Service.csproj", "{886D63DC-56E6-4C9A-A651-DE2C769F2B16}"
	ProjectSection(ProjectDependencies) = postProject
		{AA9719F4-7007-4A88-88AD-72A224EAA3DD} = {AA9719F4-7007-4A88-88AD-72A224EAA3DD}
	EndProjectSection
EndProject
Project("{9A19103F-16F7-4668-BE54-9A1E7A4F7556}") = "TireHouse.Repositories", "TireHouse.Repositories\TireHouse.Repositories.csproj", "{CE6E5753-2DF7-4331-A5E8-65CA617B42F2}"
	ProjectSection(ProjectDependencies) = postProject
		{AFFE8904-AEEF-46E0-B0D4-08FC0E1C00E5} = {AFFE8904-AEEF-46E0-B0D4-08FC0E1C00E5}
	EndProjectSection
EndProject
Project("{9A19103F-16F7-4668-BE54-9A1E7A4F7556}") = "TireHouseTest", "TireHouseTest\TireHouseTest.csproj", "{078875E7-D597-4B40-A055-8266CED19D19}"
	ProjectSection(ProjectDependencies) = postProject
		{886D63DC-56E6-4C9A-A651-DE2C769F2B16} = {886D63DC-56E6-4C9A-A651-DE2C769F2B16}
		{AA9719F4-7007-4A88-88AD-72A224EAA3DD} = {AA9719F4-7007-4A88-88AD-72A224EAA3DD}
		{AFFE8904-AEEF-46E0-B0D4-08FC0E1C00E5} = {AFFE8904-AEEF-46E0-B0D4-08FC0E1C00E5}
		{CE6E5753-2DF7-4331-A5E8-65CA617B42F2} = {CE6E5753-2DF7-4331-A5E8-65CA617B42F2}
		{FC7F133F-5E8E-4F31-A784-8828C54E2464} = {FC7F133F-5E8E-4F31-A784-8828C54E2464}
	EndProjectSection
EndProject
Project("{FAE04EC0-301F-11D3-BF4B-00C04F79EFBC}") = "TireHouse.Models", "TireHouse.Models\TireHouse.Models.csproj", "{0F96C2E9-C30C-4509-95F1-80B2C4DAE38D}"
EndProject
Global
	GlobalSection(SolutionConfigurationPlatforms) = preSolution
		Debug|Any CPU = Debug|Any CPU
		Release|Any CPU = Release|Any CPU
	EndGlobalSection
	GlobalSection(ProjectConfigurationPlatforms) = postSolution
		{FC7F133F-5E8E-4F31-A784-8828C54E2464}.Debug|Any CPU.ActiveCfg = Debug|Any CPU
		{FC7F133F-5E8E-4F31-A784-8828C54E2464}.Debug|Any CPU.Build.0 = Debug|Any CPU
		{FC7F133F-5E8E-4F31-A784-8828C54E2464}.Release|Any CPU.ActiveCfg = Release|Any CPU
		{FC7F133F-5E8E-4F31-A784-8828C54E2464}.Release|Any CPU.Build.0 = Release|Any CPU
		{AFFE8904-AEEF-46E0-B0D4-08FC0E1C00E5}.Debug|Any CPU.ActiveCfg = Debug|Any CPU
		{AFFE8904-AEEF-46E0-B0D4-08FC0E1C00E5}.Debug|Any CPU.Build.0 = Debug|Any CPU
		{AFFE8904-AEEF-46E0-B0D4-08FC0E1C00E5}.Release|Any CPU.ActiveCfg = Release|Any CPU
		{AFFE8904-AEEF-46E0-B0D4-08FC0E1C00E5}.Release|Any CPU.Build.0 = Release|Any CPU
		{AA9719F4-7007-4A88-88AD-72A224EAA3DD}.Debug|Any CPU.ActiveCfg = Debug|Any CPU
		{AA9719F4-7007-4A88-88AD-72A224EAA3DD}.Debug|Any CPU.Build.0 = Debug|Any CPU
		{AA9719F4-7007-4A88-88AD-72A224EAA3DD}.Release|Any CPU.ActiveCfg = Release|Any CPU
		{AA9719F4-7007-4A88-88AD-72A224EAA3DD}.Release|Any CPU.Build.0 = Release|Any CPU
		{886D63DC-56E6-4C9A-A651-DE2C769F2B16}.Debug|Any CPU.ActiveCfg = Debug|Any CPU
		{886D63DC-56E6-4C9A-A651-DE2C769F2B16}.Debug|Any CPU.Build.0 = Debug|Any CPU
		{886D63DC-56E6-4C9A-A651-DE2C769F2B16}.Release|Any CPU.ActiveCfg = Release|Any CPU
		{886D63DC-56E6-4C9A-A651-DE2C769F2B16}.Release|Any CPU.Build.0 = Release|Any CPU
		{CE6E5753-2DF7-4331-A5E8-65CA617B42F2}.Debug|Any CPU.ActiveCfg = Debug|Any CPU
		{CE6E5753-2DF7-4331-A5E8-65CA617B42F2}.Debug|Any CPU.Build.0 = Debug|Any CPU
		{CE6E5753-2DF7-4331-A5E8-65CA617B42F2}.Release|Any CPU.ActiveCfg = Release|Any CPU
		{CE6E5753-2DF7-4331-A5E8-65CA617B42F2}.Release|Any CPU.Build.0 = Release|Any CPU
		{078875E7-D597-4B40-A055-8266CED19D19}.Debug|Any CPU.ActiveCfg = Debug|Any CPU
		{078875E7-D597-4B40-A055-8266CED19D19}.Debug|Any CPU.Build.0 = Debug|Any CPU
		{078875E7-D597-4B40-A055-8266CED19D19}.Release|Any CPU.ActiveCfg = Release|Any CPU
		{078875E7-D597-4B40-A055-8266CED19D19}.Release|Any CPU.Build.0 = Release|Any CPU
		{0F96C2E9-C30C-4509-95F1-80B2C4DAE38D}.Debug|Any CPU.ActiveCfg = Debug|Any CPU
		{0F96C2E9-C30C-4509-95F1-80B2C4DAE38D}.Debug|Any CPU.Build.0 = Debug|Any CPU
		{0F96C2E9-C30C-4509-95F1-80B2C4DAE38D}.Release|Any CPU.ActiveCfg = Release|Any CPU
		{0F96C2E9-C30C-4509-95F1-80B2C4DAE38D}.Release|Any CPU.Build.0 = Release|Any CPU
	EndGlobalSection
	GlobalSection(SolutionProperties) = preSolution
		HideSolutionNode = FALSE
	EndGlobalSection
	GlobalSection(NestedProjects) = preSolution
		{FC7F133F-5E8E-4F31-A784-8828C54E2464} = {C025DF0C-9148-4465-A9EE-B532C890E5F1}
		{AFFE8904-AEEF-46E0-B0D4-08FC0E1C00E5} = {564DCAF9-177A-4A4B-A324-BD5ED231505D}
		{AA9719F4-7007-4A88-88AD-72A224EAA3DD} = {564DCAF9-177A-4A4B-A324-BD5ED231505D}
		{886D63DC-56E6-4C9A-A651-DE2C769F2B16} = {564DCAF9-177A-4A4B-A324-BD5ED231505D}
		{CE6E5753-2DF7-4331-A5E8-65CA617B42F2} = {19FF04BB-7F6E-4D54-8BE7-047E869808D4}
		{078875E7-D597-4B40-A055-8266CED19D19} = {E083C6F5-515A-479D-98D2-E76DA3EB0B7B}
		{0F96C2E9-C30C-4509-95F1-80B2C4DAE38D} = {564DCAF9-177A-4A4B-A324-BD5ED231505D}
	EndGlobalSection
	GlobalSection(ExtensibilityGlobals) = postSolution
		SolutionGuid = {7700B1D1-75E4-45FD-BAA0-7AFC6A13CC8D}
	EndGlobalSection
EndGlobal
